# This file was autogenerated by Stack.
# You should not edit this file by hand.
# For more information, please see the documentation at:
#   https://docs.haskellstack.org/en/stable/lock_files

packages:
- completed:
    hackage: http-conduit-2.3.8@sha256:6ceea827376f20870fe8a6929555ccc84040962ec39ff381f7fa2464fba28512,3234
    pantry-tree:
      sha256: 3e87317eae9e8f5442665aaf32f0051dfc9c6d058f9248f0bb58986e5b92b1c0
      size: 784
  original:
    hackage: http-conduit-2.3.8
snapshots:
- completed:
    sha256: afd5ba64ab602cabc2d3942d3d7e7dd6311bc626dcb415b901eaf576cb62f0ea
    size: 640060
    url: https://raw.githubusercontent.com/commercialhaskell/stackage-snapshots/master/lts/21/22.yaml
  original:
    url: https://raw.githubusercontent.com/commercialhaskell/stackage-snapshots/master/lts/21/22.yaml
